{
  "version": 4,
  "terraform_version": "1.13.4",
  "serial": 76,
  "lineage": "f98d53e8-fc80-a35f-a165-6c8983710c89",
  "outputs": {
    "vpc_tags": {
      "value": {
        "Environment": "Sunday_Demo",
        "ManagedBy": "Terraform",
        "Name": "development-vpc",
        "Owner": "ThomasBell",
        "Planet": "DeathStar",
        "Service": "application1"
      },
      "type": [
        "map",
        "string"
      ]
    }
  },
  "resources": [
    {
      "mode": "managed",
      "type": "aws_vpc",
      "name": "order66",
      "provider": "provider[\"registry.terraform.io/hashicorp/aws\"]",
      "instances": [
        {
          "schema_version": 1,
          "attributes": {
            "arn": "arn:aws:ec2:eu-west-1:083011581336:vpc/vpc-02d8a853bc8276688",
            "assign_generated_ipv6_cidr_block": false,
            "cidr_block": "10.32.0.0/16",
            "default_network_acl_id": "acl-026bbdeaf92a4263a",
            "default_route_table_id": "rtb-042f6d2773870b250",
            "default_security_group_id": "sg-0d19c5bd1029fadf3",
            "dhcp_options_id": "dopt-07925c12929556c15",
            "enable_classiclink": false,
            "enable_classiclink_dns_support": false,
            "enable_dns_hostnames": true,
            "enable_dns_support": true,
            "id": "vpc-02d8a853bc8276688",
            "instance_tenancy": "default",
            "ipv4_ipam_pool_id": null,
            "ipv4_netmask_length": null,
            "ipv6_association_id": "",
            "ipv6_cidr_block": "",
            "ipv6_cidr_block_network_border_group": "",
            "ipv6_ipam_pool_id": "",
            "ipv6_netmask_length": 0,
            "main_route_table_id": "rtb-042f6d2773870b250",
            "owner_id": "083011581336",
            "tags": {
              "Name": "development-vpc",
              "Owner": "ThomasBell",
              "Planet": "DeathStar",
              "Service": "application1"
            },
            "tags_all": {
              "Environment": "Sunday_Demo",
              "ManagedBy": "Terraform",
              "Name": "development-vpc",
              "Owner": "ThomasBell",
              "Planet": "DeathStar",
              "Service": "application1"
            }
          },
          "sensitive_attributes": [],
          "identity_schema_version": 0,
          "private": "eyJzY2hlbWFfdmVyc2lvbiI6IjEifQ=="
        }
      ]
    }
  ],
  "check_results": null
}
